
Microsoft Visual Studio Solution File, Format Version 12.00
# Visual Studio Version 16
VisualStudioVersion = 16.0.31229.75
MinimumVisualStudioVersion = 10.0.40219.1
Project("{FAE04EC0-301F-11D3-BF4B-00C04F79EFBC}") = "BetFriend.MobileApp.UWP", "BetFriend.MobileApp\BetFriend.MobileApp.UWP\BetFriend.MobileApp.UWP.csproj", "{C5BE6280-73C0-4486-B3F7-9FFEC47E6602}"
EndProject
Project("{FAE04EC0-301F-11D3-BF4B-00C04F79EFBC}") = "BetFriend.MobileApp.Android", "BetFriend.MobileApp\BetFriend.MobileApp.Android\BetFriend.MobileApp.Android.csproj", "{E0CBAFCF-BFFC-46C9-B7A3-12E2FD61D242}"
EndProject
Project("{FAE04EC0-301F-11D3-BF4B-00C04F79EFBC}") = "BetFriend.MobileApp.iOS", "BetFriend.MobileApp\BetFriend.MobileApp.iOS\BetFriend.MobileApp.iOS.csproj", "{9921780F-FD68-405B-BD9D-001EB38DD516}"
EndProject
Project("{9A19103F-16F7-4668-BE54-9A1E7A4F7556}") = "BetFriend.MobileApp", "BetFriend.MobileApp\BetFriend.MobileApp\BetFriend.MobileApp.csproj", "{709B1A1F-25DA-4820-A06D-B149193DA696}"
EndProject
Project("{2150E333-8FDC-42A3-9474-1A3956D46DE8}") = "Tests", "Tests", "{8D25A088-A206-4394-8110-038B81F864B3}"
EndProject
Project("{9A19103F-16F7-4668-BE54-9A1E7A4F7556}") = "BetFriend.MobileApp.UnitTests", "BetFriend.MobileApp.UnitTests\BetFriend.MobileApp.UnitTests.csproj", "{892933A0-BD5F-4D16-B72D-EBC6BDD7B7D4}"
EndProject
Project("{2150E333-8FDC-42A3-9474-1A3956D46DE8}") = "Src", "Src", "{E02A390E-9E5A-47FF-B6B7-26680638CD04}"
EndProject
Project("{9A19103F-16F7-4668-BE54-9A1E7A4F7556}") = "BetFriend.Domain", "BetFriend.Domain\BetFriend.Domain.csproj", "{DA1C9F70-0C45-4B67-A272-761ECA9AC8DD}"
EndProject
Project("{9A19103F-16F7-4668-BE54-9A1E7A4F7556}") = "BetFriend.Infrastructure", "BetFriend.Infrastructure\BetFriend.Infrastructure.csproj", "{53A09A77-7327-4F7A-9E94-AFA9FBF7D173}"
EndProject
Global
	GlobalSection(SolutionConfigurationPlatforms) = preSolution
		Debug|Any CPU = Debug|Any CPU
		Debug|ARM = Debug|ARM
		Debug|iPhone = Debug|iPhone
		Debug|iPhoneSimulator = Debug|iPhoneSimulator
		Debug|x64 = Debug|x64
		Debug|x86 = Debug|x86
		Release|Any CPU = Release|Any CPU
		Release|ARM = Release|ARM
		Release|iPhone = Release|iPhone
		Release|iPhoneSimulator = Release|iPhoneSimulator
		Release|x64 = Release|x64
		Release|x86 = Release|x86
	EndGlobalSection
	GlobalSection(ProjectConfigurationPlatforms) = postSolution
		{C5BE6280-73C0-4486-B3F7-9FFEC47E6602}.Debug|Any CPU.ActiveCfg = Debug|x86
		{C5BE6280-73C0-4486-B3F7-9FFEC47E6602}.Debug|Any CPU.Build.0 = Debug|x86
		{C5BE6280-73C0-4486-B3F7-9FFEC47E6602}.Debug|Any CPU.Deploy.0 = Debug|x86
		{C5BE6280-73C0-4486-B3F7-9FFEC47E6602}.Debug|ARM.ActiveCfg = Debug|ARM
		{C5BE6280-73C0-4486-B3F7-9FFEC47E6602}.Debug|ARM.Build.0 = Debug|ARM
		{C5BE6280-73C0-4486-B3F7-9FFEC47E6602}.Debug|ARM.Deploy.0 = Debug|ARM
		{C5BE6280-73C0-4486-B3F7-9FFEC47E6602}.Debug|iPhone.ActiveCfg = Debug|x86
		{C5BE6280-73C0-4486-B3F7-9FFEC47E6602}.Debug|iPhone.Build.0 = Debug|x86
		{C5BE6280-73C0-4486-B3F7-9FFEC47E6602}.Debug|iPhone.Deploy.0 = Debug|x86
		{C5BE6280-73C0-4486-B3F7-9FFEC47E6602}.Debug|iPhoneSimulator.ActiveCfg = Debug|x86
		{C5BE6280-73C0-4486-B3F7-9FFEC47E6602}.Debug|iPhoneSimulator.Build.0 = Debug|x86
		{C5BE6280-73C0-4486-B3F7-9FFEC47E6602}.Debug|iPhoneSimulator.Deploy.0 = Debug|x86
		{C5BE6280-73C0-4486-B3F7-9FFEC47E6602}.Debug|x64.ActiveCfg = Debug|x64
		{C5BE6280-73C0-4486-B3F7-9FFEC47E6602}.Debug|x64.Build.0 = Debug|x64
		{C5BE6280-73C0-4486-B3F7-9FFEC47E6602}.Debug|x64.Deploy.0 = Debug|x64
		{C5BE6280-73C0-4486-B3F7-9FFEC47E6602}.Debug|x86.ActiveCfg = Debug|x86
		{C5BE6280-73C0-4486-B3F7-9FFEC47E6602}.Debug|x86.Build.0 = Debug|x86
		{C5BE6280-73C0-4486-B3F7-9FFEC47E6602}.Debug|x86.Deploy.0 = Debug|x86
		{C5BE6280-73C0-4486-B3F7-9FFEC47E6602}.Release|Any CPU.ActiveCfg = Release|x86
		{C5BE6280-73C0-4486-B3F7-9FFEC47E6602}.Release|Any CPU.Build.0 = Release|x86
		{C5BE6280-73C0-4486-B3F7-9FFEC47E6602}.Release|Any CPU.Deploy.0 = Release|x86
		{C5BE6280-73C0-4486-B3F7-9FFEC47E6602}.Release|ARM.ActiveCfg = Release|ARM
		{C5BE6280-73C0-4486-B3F7-9FFEC47E6602}.Release|ARM.Build.0 = Release|ARM
		{C5BE6280-73C0-4486-B3F7-9FFEC47E6602}.Release|ARM.Deploy.0 = Release|ARM
		{C5BE6280-73C0-4486-B3F7-9FFEC47E6602}.Release|iPhone.ActiveCfg = Release|x86
		{C5BE6280-73C0-4486-B3F7-9FFEC47E6602}.Release|iPhone.Build.0 = Release|x86
		{C5BE6280-73C0-4486-B3F7-9FFEC47E6602}.Release|iPhone.Deploy.0 = Release|x86
		{C5BE6280-73C0-4486-B3F7-9FFEC47E6602}.Release|iPhoneSimulator.ActiveCfg = Release|x86
		{C5BE6280-73C0-4486-B3F7-9FFEC47E6602}.Release|iPhoneSimulator.Build.0 = Release|x86
		{C5BE6280-73C0-4486-B3F7-9FFEC47E6602}.Release|iPhoneSimulator.Deploy.0 = Release|x86
		{C5BE6280-73C0-4486-B3F7-9FFEC47E6602}.Release|x64.ActiveCfg = Release|x64
		{C5BE6280-73C0-4486-B3F7-9FFEC47E6602}.Release|x64.Build.0 = Release|x64
		{C5BE6280-73C0-4486-B3F7-9FFEC47E6602}.Release|x64.Deploy.0 = Release|x64
		{C5BE6280-73C0-4486-B3F7-9FFEC47E6602}.Release|x86.ActiveCfg = Release|x86
		{C5BE6280-73C0-4486-B3F7-9FFEC47E6602}.Release|x86.Build.0 = Release|x86
		{C5BE6280-73C0-4486-B3F7-9FFEC47E6602}.Release|x86.Deploy.0 = Release|x86
		{E0CBAFCF-BFFC-46C9-B7A3-12E2FD61D242}.Debug|Any CPU.ActiveCfg = Debug|Any CPU
		{E0CBAFCF-BFFC-46C9-B7A3-12E2FD61D242}.Debug|Any CPU.Build.0 = Debug|Any CPU
		{E0CBAFCF-BFFC-46C9-B7A3-12E2FD61D242}.Debug|Any CPU.Deploy.0 = Debug|Any CPU
		{E0CBAFCF-BFFC-46C9-B7A3-12E2FD61D242}.Debug|ARM.ActiveCfg = Debug|Any CPU
		{E0CBAFCF-BFFC-46C9-B7A3-12E2FD61D242}.Debug|ARM.Build.0 = Debug|Any CPU
		{E0CBAFCF-BFFC-46C9-B7A3-12E2FD61D242}.Debug|ARM.Deploy.0 = Debug|Any CPU
		{E0CBAFCF-BFFC-46C9-B7A3-12E2FD61D242}.Debug|iPhone.ActiveCfg = Debug|Any CPU
		{E0CBAFCF-BFFC-46C9-B7A3-12E2FD61D242}.Debug|iPhone.Build.0 = Debug|Any CPU
		{E0CBAFCF-BFFC-46C9-B7A3-12E2FD61D242}.Debug|iPhone.Deploy.0 = Debug|Any CPU
		{E0CBAFCF-BFFC-46C9-B7A3-12E2FD61D242}.Debug|iPhoneSimulator.ActiveCfg = Debug|Any CPU
		{E0CBAFCF-BFFC-46C9-B7A3-12E2FD61D242}.Debug|iPhoneSimulator.Build.0 = Debug|Any CPU
		{E0CBAFCF-BFFC-46C9-B7A3-12E2FD61D242}.Debug|iPhoneSimulator.Deploy.0 = Debug|Any CPU
		{E0CBAFCF-BFFC-46C9-B7A3-12E2FD61D242}.Debug|x64.ActiveCfg = Debug|Any CPU
		{E0CBAFCF-BFFC-46C9-B7A3-12E2FD61D242}.Debug|x64.Build.0 = Debug|Any CPU
		{E0CBAFCF-BFFC-46C9-B7A3-12E2FD61D242}.Debug|x64.Deploy.0 = Debug|Any CPU
		{E0CBAFCF-BFFC-46C9-B7A3-12E2FD61D242}.Debug|x86.ActiveCfg = Debug|Any CPU
		{E0CBAFCF-BFFC-46C9-B7A3-12E2FD61D242}.Debug|x86.Build.0 = Debug|Any CPU
		{E0CBAFCF-BFFC-46C9-B7A3-12E2FD61D242}.Debug|x86.Deploy.0 = Debug|Any CPU
		{E0CBAFCF-BFFC-46C9-B7A3-12E2FD61D242}.Release|Any CPU.ActiveCfg = Release|Any CPU
		{E0CBAFCF-BFFC-46C9-B7A3-12E2FD61D242}.Release|Any CPU.Build.0 = Release|Any CPU
		{E0CBAFCF-BFFC-46C9-B7A3-12E2FD61D242}.Release|Any CPU.Deploy.0 = Release|Any CPU
		{E0CBAFCF-BFFC-46C9-B7A3-12E2FD61D242}.Release|ARM.ActiveCfg = Release|Any CPU
		{E0CBAFCF-BFFC-46C9-B7A3-12E2FD61D242}.Release|ARM.Build.0 = Release|Any CPU
		{E0CBAFCF-BFFC-46C9-B7A3-12E2FD61D242}.Release|ARM.Deploy.0 = Release|Any CPU
		{E0CBAFCF-BFFC-46C9-B7A3-12E2FD61D242}.Release|iPhone.ActiveCfg = Release|Any CPU
		{E0CBAFCF-BFFC-46C9-B7A3-12E2FD61D242}.Release|iPhone.Build.0 = Release|Any CPU
		{E0CBAFCF-BFFC-46C9-B7A3-12E2FD61D242}.Release|iPhone.Deploy.0 = Release|Any CPU
		{E0CBAFCF-BFFC-46C9-B7A3-12E2FD61D242}.Release|iPhoneSimulator.ActiveCfg = Release|Any CPU
		{E0CBAFCF-BFFC-46C9-B7A3-12E2FD61D242}.Release|iPhoneSimulator.Build.0 = Release|Any CPU
		{E0CBAFCF-BFFC-46C9-B7A3-12E2FD61D242}.Release|iPhoneSimulator.Deploy.0 = Release|Any CPU
		{E0CBAFCF-BFFC-46C9-B7A3-12E2FD61D242}.Release|x64.ActiveCfg = Release|Any CPU
		{E0CBAFCF-BFFC-46C9-B7A3-12E2FD61D242}.Release|x64.Build.0 = Release|Any CPU
		{E0CBAFCF-BFFC-46C9-B7A3-12E2FD61D242}.Release|x64.Deploy.0 = Release|Any CPU
		{E0CBAFCF-BFFC-46C9-B7A3-12E2FD61D242}.Release|x86.ActiveCfg = Release|Any CPU
		{E0CBAFCF-BFFC-46C9-B7A3-12E2FD61D242}.Release|x86.Build.0 = Release|Any CPU
		{E0CBAFCF-BFFC-46C9-B7A3-12E2FD61D242}.Release|x86.Deploy.0 = Release|Any CPU
		{9921780F-FD68-405B-BD9D-001EB38DD516}.Debug|Any CPU.ActiveCfg = Debug|iPhoneSimulator
		{9921780F-FD68-405B-BD9D-001EB38DD516}.Debug|Any CPU.Build.0 = Debug|iPhoneSimulator
		{9921780F-FD68-405B-BD9D-001EB38DD516}.Debug|Any CPU.Deploy.0 = Debug|iPhoneSimulator
		{9921780F-FD68-405B-BD9D-001EB38DD516}.Debug|ARM.ActiveCfg = Debug|iPhone
		{9921780F-FD68-405B-BD9D-001EB38DD516}.Debug|ARM.Build.0 = Debug|iPhone
		{9921780F-FD68-405B-BD9D-001EB38DD516}.Debug|ARM.Deploy.0 = Debug|iPhone
		{9921780F-FD68-405B-BD9D-001EB38DD516}.Debug|iPhone.ActiveCfg = Debug|iPhone
		{9921780F-FD68-405B-BD9D-001EB38DD516}.Debug|iPhone.Build.0 = Debug|iPhone
		{9921780F-FD68-405B-BD9D-001EB38DD516}.Debug|iPhone.Deploy.0 = Debug|iPhone
		{9921780F-FD68-405B-BD9D-001EB38DD516}.Debug|iPhoneSimulator.ActiveCfg = Debug|iPhoneSimulator
		{9921780F-FD68-405B-BD9D-001EB38DD516}.Debug|iPhoneSimulator.Build.0 = Debug|iPhoneSimulator
		{9921780F-FD68-405B-BD9D-001EB38DD516}.Debug|iPhoneSimulator.Deploy.0 = Debug|iPhoneSimulator
		{9921780F-FD68-405B-BD9D-001EB38DD516}.Debug|x64.ActiveCfg = Debug|iPhoneSimulator
		{9921780F-FD68-405B-BD9D-001EB38DD516}.Debug|x64.Build.0 = Debug|iPhoneSimulator
		{9921780F-FD68-405B-BD9D-001EB38DD516}.Debug|x64.Deploy.0 = Debug|iPhoneSimulator
		{9921780F-FD68-405B-BD9D-001EB38DD516}.Debug|x86.ActiveCfg = Debug|iPhoneSimulator
		{9921780F-FD68-405B-BD9D-001EB38DD516}.Debug|x86.Build.0 = Debug|iPhoneSimulator
		{9921780F-FD68-405B-BD9D-001EB38DD516}.Debug|x86.Deploy.0 = Debug|iPhoneSimulator
		{9921780F-FD68-405B-BD9D-001EB38DD516}.Release|Any CPU.ActiveCfg = Release|iPhoneSimulator
		{9921780F-FD68-405B-BD9D-001EB38DD516}.Release|Any CPU.Build.0 = Release|iPhoneSimulator
		{9921780F-FD68-405B-BD9D-001EB38DD516}.Release|Any CPU.Deploy.0 = Release|iPhoneSimulator
		{9921780F-FD68-405B-BD9D-001EB38DD516}.Release|ARM.ActiveCfg = Release|iPhoneSimulator
		{9921780F-FD68-405B-BD9D-001EB38DD516}.Release|ARM.Build.0 = Release|iPhoneSimulator
		{9921780F-FD68-405B-BD9D-001EB38DD516}.Release|ARM.Deploy.0 = Release|iPhoneSimulator
		{9921780F-FD68-405B-BD9D-001EB38DD516}.Release|iPhone.ActiveCfg = Release|iPhone
		{9921780F-FD68-405B-BD9D-001EB38DD516}.Release|iPhone.Build.0 = Release|iPhone
		{9921780F-FD68-405B-BD9D-001EB38DD516}.Release|iPhone.Deploy.0 = Release|iPhone
		{9921780F-FD68-405B-BD9D-001EB38DD516}.Release|iPhoneSimulator.ActiveCfg = Release|iPhoneSimulator
		{9921780F-FD68-405B-BD9D-001EB38DD516}.Release|iPhoneSimulator.Build.0 = Release|iPhoneSimulator
		{9921780F-FD68-405B-BD9D-001EB38DD516}.Release|iPhoneSimulator.Deploy.0 = Release|iPhoneSimulator
		{9921780F-FD68-405B-BD9D-001EB38DD516}.Release|x64.ActiveCfg = Release|iPhoneSimulator
		{9921780F-FD68-405B-BD9D-001EB38DD516}.Release|x64.Build.0 = Release|iPhoneSimulator
		{9921780F-FD68-405B-BD9D-001EB38DD516}.Release|x64.Deploy.0 = Release|iPhoneSimulator
		{9921780F-FD68-405B-BD9D-001EB38DD516}.Release|x86.ActiveCfg = Release|iPhoneSimulator
		{9921780F-FD68-405B-BD9D-001EB38DD516}.Release|x86.Build.0 = Release|iPhoneSimulator
		{9921780F-FD68-405B-BD9D-001EB38DD516}.Release|x86.Deploy.0 = Release|iPhoneSimulator
		{709B1A1F-25DA-4820-A06D-B149193DA696}.Debug|Any CPU.ActiveCfg = Debug|Any CPU
		{709B1A1F-25DA-4820-A06D-B149193DA696}.Debug|Any CPU.Build.0 = Debug|Any CPU
		{709B1A1F-25DA-4820-A06D-B149193DA696}.Debug|Any CPU.Deploy.0 = Debug|Any CPU
		{709B1A1F-25DA-4820-A06D-B149193DA696}.Debug|ARM.ActiveCfg = Debug|Any CPU
		{709B1A1F-25DA-4820-A06D-B149193DA696}.Debug|ARM.Build.0 = Debug|Any CPU
		{709B1A1F-25DA-4820-A06D-B149193DA696}.Debug|ARM.Deploy.0 = Debug|Any CPU
		{709B1A1F-25DA-4820-A06D-B149193DA696}.Debug|iPhone.ActiveCfg = Debug|Any CPU
		{709B1A1F-25DA-4820-A06D-B149193DA696}.Debug|iPhone.Build.0 = Debug|Any CPU
		{709B1A1F-25DA-4820-A06D-B149193DA696}.Debug|iPhone.Deploy.0 = Debug|Any CPU
		{709B1A1F-25DA-4820-A06D-B149193DA696}.Debug|iPhoneSimulator.ActiveCfg = Debug|Any CPU
		{709B1A1F-25DA-4820-A06D-B149193DA696}.Debug|iPhoneSimulator.Build.0 = Debug|Any CPU
		{709B1A1F-25DA-4820-A06D-B149193DA696}.Debug|iPhoneSimulator.Deploy.0 = Debug|Any CPU
		{709B1A1F-25DA-4820-A06D-B149193DA696}.Debug|x64.ActiveCfg = Debug|Any CPU
		{709B1A1F-25DA-4820-A06D-B149193DA696}.Debug|x64.Build.0 = Debug|Any CPU
		{709B1A1F-25DA-4820-A06D-B149193DA696}.Debug|x64.Deploy.0 = Debug|Any CPU
		{709B1A1F-25DA-4820-A06D-B149193DA696}.Debug|x86.ActiveCfg = Debug|Any CPU
		{709B1A1F-25DA-4820-A06D-B149193DA696}.Debug|x86.Build.0 = Debug|Any CPU
		{709B1A1F-25DA-4820-A06D-B149193DA696}.Debug|x86.Deploy.0 = Debug|Any CPU
		{709B1A1F-25DA-4820-A06D-B149193DA696}.Release|Any CPU.ActiveCfg = Release|Any CPU
		{709B1A1F-25DA-4820-A06D-B149193DA696}.Release|Any CPU.Build.0 = Release|Any CPU
		{709B1A1F-25DA-4820-A06D-B149193DA696}.Release|Any CPU.Deploy.0 = Release|Any CPU
		{709B1A1F-25DA-4820-A06D-B149193DA696}.Release|ARM.ActiveCfg = Release|Any CPU
		{709B1A1F-25DA-4820-A06D-B149193DA696}.Release|ARM.Build.0 = Release|Any CPU
		{709B1A1F-25DA-4820-A06D-B149193DA696}.Release|ARM.Deploy.0 = Release|Any CPU
		{709B1A1F-25DA-4820-A06D-B149193DA696}.Release|iPhone.ActiveCfg = Release|Any CPU
		{709B1A1F-25DA-4820-A06D-B149193DA696}.Release|iPhone.Build.0 = Release|Any CPU
		{709B1A1F-25DA-4820-A06D-B149193DA696}.Release|iPhone.Deploy.0 = Release|Any CPU
		{709B1A1F-25DA-4820-A06D-B149193DA696}.Release|iPhoneSimulator.ActiveCfg = Release|Any CPU
		{709B1A1F-25DA-4820-A06D-B149193DA696}.Release|iPhoneSimulator.Build.0 = Release|Any CPU
		{709B1A1F-25DA-4820-A06D-B149193DA696}.Release|iPhoneSimulator.Deploy.0 = Release|Any CPU
		{709B1A1F-25DA-4820-A06D-B149193DA696}.Release|x64.ActiveCfg = Release|Any CPU
		{709B1A1F-25DA-4820-A06D-B149193DA696}.Release|x64.Build.0 = Release|Any CPU
		{709B1A1F-25DA-4820-A06D-B149193DA696}.Release|x64.Deploy.0 = Release|Any CPU
		{709B1A1F-25DA-4820-A06D-B149193DA696}.Release|x86.ActiveCfg = Release|Any CPU
		{709B1A1F-25DA-4820-A06D-B149193DA696}.Release|x86.Build.0 = Release|Any CPU
		{709B1A1F-25DA-4820-A06D-B149193DA696}.Release|x86.Deploy.0 = Release|Any CPU
		{892933A0-BD5F-4D16-B72D-EBC6BDD7B7D4}.Debug|Any CPU.ActiveCfg = Debug|Any CPU
		{892933A0-BD5F-4D16-B72D-EBC6BDD7B7D4}.Debug|Any CPU.Build.0 = Debug|Any CPU
		{892933A0-BD5F-4D16-B72D-EBC6BDD7B7D4}.Debug|ARM.ActiveCfg = Debug|Any CPU
		{892933A0-BD5F-4D16-B72D-EBC6BDD7B7D4}.Debug|ARM.Build.0 = Debug|Any CPU
		{892933A0-BD5F-4D16-B72D-EBC6BDD7B7D4}.Debug|iPhone.ActiveCfg = Debug|Any CPU
		{892933A0-BD5F-4D16-B72D-EBC6BDD7B7D4}.Debug|iPhone.Build.0 = Debug|Any CPU
		{892933A0-BD5F-4D16-B72D-EBC6BDD7B7D4}.Debug|iPhoneSimulator.ActiveCfg = Debug|Any CPU
		{892933A0-BD5F-4D16-B72D-EBC6BDD7B7D4}.Debug|iPhoneSimulator.Build.0 = Debug|Any CPU
		{892933A0-BD5F-4D16-B72D-EBC6BDD7B7D4}.Debug|x64.ActiveCfg = Debug|Any CPU
		{892933A0-BD5F-4D16-B72D-EBC6BDD7B7D4}.Debug|x64.Build.0 = Debug|Any CPU
		{892933A0-BD5F-4D16-B72D-EBC6BDD7B7D4}.Debug|x86.ActiveCfg = Debug|Any CPU
		{892933A0-BD5F-4D16-B72D-EBC6BDD7B7D4}.Debug|x86.Build.0 = Debug|Any CPU
		{892933A0-BD5F-4D16-B72D-EBC6BDD7B7D4}.Release|Any CPU.ActiveCfg = Release|Any CPU
		{892933A0-BD5F-4D16-B72D-EBC6BDD7B7D4}.Release|Any CPU.Build.0 = Release|Any CPU
		{892933A0-BD5F-4D16-B72D-EBC6BDD7B7D4}.Release|ARM.ActiveCfg = Release|Any CPU
		{892933A0-BD5F-4D16-B72D-EBC6BDD7B7D4}.Release|ARM.Build.0 = Release|Any CPU
		{892933A0-BD5F-4D16-B72D-EBC6BDD7B7D4}.Release|iPhone.ActiveCfg = Release|Any CPU
		{892933A0-BD5F-4D16-B72D-EBC6BDD7B7D4}.Release|iPhone.Build.0 = Release|Any CPU
		{892933A0-BD5F-4D16-B72D-EBC6BDD7B7D4}.Release|iPhoneSimulator.ActiveCfg = Release|Any CPU
		{892933A0-BD5F-4D16-B72D-EBC6BDD7B7D4}.Release|iPhoneSimulator.Build.0 = Release|Any CPU
		{892933A0-BD5F-4D16-B72D-EBC6BDD7B7D4}.Release|x64.ActiveCfg = Release|Any CPU
		{892933A0-BD5F-4D16-B72D-EBC6BDD7B7D4}.Release|x64.Build.0 = Release|Any CPU
		{892933A0-BD5F-4D16-B72D-EBC6BDD7B7D4}.Release|x86.ActiveCfg = Release|Any CPU
		{892933A0-BD5F-4D16-B72D-EBC6BDD7B7D4}.Release|x86.Build.0 = Release|Any CPU
		{DA1C9F70-0C45-4B67-A272-761ECA9AC8DD}.Debug|Any CPU.ActiveCfg = Debug|Any CPU
		{DA1C9F70-0C45-4B67-A272-761ECA9AC8DD}.Debug|Any CPU.Build.0 = Debug|Any CPU
		{DA1C9F70-0C45-4B67-A272-761ECA9AC8DD}.Debug|ARM.ActiveCfg = Debug|Any CPU
		{DA1C9F70-0C45-4B67-A272-761ECA9AC8DD}.Debug|ARM.Build.0 = Debug|Any CPU
		{DA1C9F70-0C45-4B67-A272-761ECA9AC8DD}.Debug|iPhone.ActiveCfg = Debug|Any CPU
		{DA1C9F70-0C45-4B67-A272-761ECA9AC8DD}.Debug|iPhone.Build.0 = Debug|Any CPU
		{DA1C9F70-0C45-4B67-A272-761ECA9AC8DD}.Debug|iPhoneSimulator.ActiveCfg = Debug|Any CPU
		{DA1C9F70-0C45-4B67-A272-761ECA9AC8DD}.Debug|iPhoneSimulator.Build.0 = Debug|Any CPU
		{DA1C9F70-0C45-4B67-A272-761ECA9AC8DD}.Debug|x64.ActiveCfg = Debug|Any CPU
		{DA1C9F70-0C45-4B67-A272-761ECA9AC8DD}.Debug|x64.Build.0 = Debug|Any CPU
		{DA1C9F70-0C45-4B67-A272-761ECA9AC8DD}.Debug|x86.ActiveCfg = Debug|Any CPU
		{DA1C9F70-0C45-4B67-A272-761ECA9AC8DD}.Debug|x86.Build.0 = Debug|Any CPU
		{DA1C9F70-0C45-4B67-A272-761ECA9AC8DD}.Release|Any CPU.ActiveCfg = Release|Any CPU
		{DA1C9F70-0C45-4B67-A272-761ECA9AC8DD}.Release|Any CPU.Build.0 = Release|Any CPU
		{DA1C9F70-0C45-4B67-A272-761ECA9AC8DD}.Release|ARM.ActiveCfg = Release|Any CPU
		{DA1C9F70-0C45-4B67-A272-761ECA9AC8DD}.Release|ARM.Build.0 = Release|Any CPU
		{DA1C9F70-0C45-4B67-A272-761ECA9AC8DD}.Release|iPhone.ActiveCfg = Release|Any CPU
		{DA1C9F70-0C45-4B67-A272-761ECA9AC8DD}.Release|iPhone.Build.0 = Release|Any CPU
		{DA1C9F70-0C45-4B67-A272-761ECA9AC8DD}.Release|iPhoneSimulator.ActiveCfg = Release|Any CPU
		{DA1C9F70-0C45-4B67-A272-761ECA9AC8DD}.Release|iPhoneSimulator.Build.0 = Release|Any CPU
		{DA1C9F70-0C45-4B67-A272-761ECA9AC8DD}.Release|x64.ActiveCfg = Release|Any CPU
		{DA1C9F70-0C45-4B67-A272-761ECA9AC8DD}.Release|x64.Build.0 = Release|Any CPU
		{DA1C9F70-0C45-4B67-A272-761ECA9AC8DD}.Release|x86.ActiveCfg = Release|Any CPU
		{DA1C9F70-0C45-4B67-A272-761ECA9AC8DD}.Release|x86.Build.0 = Release|Any CPU
		{53A09A77-7327-4F7A-9E94-AFA9FBF7D173}.Debug|Any CPU.ActiveCfg = Debug|Any CPU
		{53A09A77-7327-4F7A-9E94-AFA9FBF7D173}.Debug|Any CPU.Build.0 = Debug|Any CPU
		{53A09A77-7327-4F7A-9E94-AFA9FBF7D173}.Debug|ARM.ActiveCfg = Debug|Any CPU
		{53A09A77-7327-4F7A-9E94-AFA9FBF7D173}.Debug|ARM.Build.0 = Debug|Any CPU
		{53A09A77-7327-4F7A-9E94-AFA9FBF7D173}.Debug|iPhone.ActiveCfg = Debug|Any CPU
		{53A09A77-7327-4F7A-9E94-AFA9FBF7D173}.Debug|iPhone.Build.0 = Debug|Any CPU
		{53A09A77-7327-4F7A-9E94-AFA9FBF7D173}.Debug|iPhoneSimulator.ActiveCfg = Debug|Any CPU
		{53A09A77-7327-4F7A-9E94-AFA9FBF7D173}.Debug|iPhoneSimulator.Build.0 = Debug|Any CPU
		{53A09A77-7327-4F7A-9E94-AFA9FBF7D173}.Debug|x64.ActiveCfg = Debug|Any CPU
		{53A09A77-7327-4F7A-9E94-AFA9FBF7D173}.Debug|x64.Build.0 = Debug|Any CPU
		{53A09A77-7327-4F7A-9E94-AFA9FBF7D173}.Debug|x86.ActiveCfg = Debug|Any CPU
		{53A09A77-7327-4F7A-9E94-AFA9FBF7D173}.Debug|x86.Build.0 = Debug|Any CPU
		{53A09A77-7327-4F7A-9E94-AFA9FBF7D173}.Release|Any CPU.ActiveCfg = Release|Any CPU
		{53A09A77-7327-4F7A-9E94-AFA9FBF7D173}.Release|Any CPU.Build.0 = Release|Any CPU
		{53A09A77-7327-4F7A-9E94-AFA9FBF7D173}.Release|ARM.ActiveCfg = Release|Any CPU
		{53A09A77-7327-4F7A-9E94-AFA9FBF7D173}.Release|ARM.Build.0 = Release|Any CPU
		{53A09A77-7327-4F7A-9E94-AFA9FBF7D173}.Release|iPhone.ActiveCfg = Release|Any CPU
		{53A09A77-7327-4F7A-9E94-AFA9FBF7D173}.Release|iPhone.Build.0 = Release|Any CPU
		{53A09A77-7327-4F7A-9E94-AFA9FBF7D173}.Release|iPhoneSimulator.ActiveCfg = Release|Any CPU
		{53A09A77-7327-4F7A-9E94-AFA9FBF7D173}.Release|iPhoneSimulator.Build.0 = Release|Any CPU
		{53A09A77-7327-4F7A-9E94-AFA9FBF7D173}.Release|x64.ActiveCfg = Release|Any CPU
		{53A09A77-7327-4F7A-9E94-AFA9FBF7D173}.Release|x64.Build.0 = Release|Any CPU
		{53A09A77-7327-4F7A-9E94-AFA9FBF7D173}.Release|x86.ActiveCfg = Release|Any CPU
		{53A09A77-7327-4F7A-9E94-AFA9FBF7D173}.Release|x86.Build.0 = Release|Any CPU
	EndGlobalSection
	GlobalSection(SolutionProperties) = preSolution
		HideSolutionNode = FALSE
	EndGlobalSection
	GlobalSection(NestedProjects) = preSolution
		{C5BE6280-73C0-4486-B3F7-9FFEC47E6602} = {E02A390E-9E5A-47FF-B6B7-26680638CD04}
		{E0CBAFCF-BFFC-46C9-B7A3-12E2FD61D242} = {E02A390E-9E5A-47FF-B6B7-26680638CD04}
		{9921780F-FD68-405B-BD9D-001EB38DD516} = {E02A390E-9E5A-47FF-B6B7-26680638CD04}
		{709B1A1F-25DA-4820-A06D-B149193DA696} = {E02A390E-9E5A-47FF-B6B7-26680638CD04}
		{892933A0-BD5F-4D16-B72D-EBC6BDD7B7D4} = {8D25A088-A206-4394-8110-038B81F864B3}
		{DA1C9F70-0C45-4B67-A272-761ECA9AC8DD} = {E02A390E-9E5A-47FF-B6B7-26680638CD04}
		{53A09A77-7327-4F7A-9E94-AFA9FBF7D173} = {E02A390E-9E5A-47FF-B6B7-26680638CD04}
	EndGlobalSection
	GlobalSection(ExtensibilityGlobals) = postSolution
		SolutionGuid = {13472092-B5C5-48DB-B5D2-22FCCB5B87AA}
	EndGlobalSection
EndGlobal
